{"1.1.0",
[{<<"goldrush">>,
  {git,"git://github.com/DeadZen/goldrush.git",
       {ref,"212299233c7e7eb63a97be2777e1c05ebaa58dbe"}},
  2},
 {<<"grisp">>,{pkg,<<"grisp">>,<<"1.1.4">>},0},
 {<<"lager">>,
  {git,"https://github.com/basho/lager",
       {ref,"8187757388c9adc915379caaab36a2f2ca26e944"}},
  1},
 {<<"mapz">>,{pkg,<<"mapz">>,<<"0.3.0">>},1},
 {<<"protobuffs">>,
  {git,"git://github.com/basho/erlang_protobuffs.git",
       {ref,"f90e025518bdfbe48d6303c6aa5101297c56fb7b"}},
  1}]}.
[
{pkg_hash,[
 {<<"grisp">>, <<"5C22D6F9C0B47A90F132E56AC9D85659B5AC469BAF04B4C98EE1E0EF5894319B">>},
 {<<"mapz">>, <<"438D24746CE5A252101E00B2032EFDF7FC69EB32689D3B805DE5E6DD7F52614F">>}]}
].
